<Solution>
  <Folder Name="/src/">
    <Project Path="src/TaskBoard.API/TaskBoard.API.csproj" />
    <Project Path="src/TaskBoard.Application/TaskBoard.Application.csproj" />
    <Project Path="src/TaskBoard.Domain/TaskBoard.Domain.csproj" />
    <Project Path="src/TaskBoard.Infrastructure/TaskBoard.Infrastructure.csproj" />
  </Folder>
  <Folder Name="/tests/">
    <Project Path="tests/TaskBoard.Tests/TaskBoard.Tests.csproj" />
  </Folder>
</Solution>
